
Microsoft Visual Studio Solution File, Format Version 12.00
# Visual Studio Version 17
VisualStudioVersion = 17.0.32014.148
MinimumVisualStudioVersion = 10.0.40219.1
Project("{9A19103F-16F7-4668-BE54-9A1E7A4F7556}") = "Identity", "Identity\Identity.csproj", "{15A8D565-171B-4473-B8B9-BC4CFD524E9E}"
EndProject
Project("{FAE04EC0-301F-11D3-BF4B-00C04F79EFBC}") = "Membership", "Membership\Membership.csproj", "{1E899974-6BD8-4D0A-905C-8A182375C541}"
EndProject
Global
	GlobalSection(SolutionConfigurationPlatforms) = preSolution
		Debug|Any CPU = Debug|Any CPU
		Release|Any CPU = Release|Any CPU
	EndGlobalSection
	GlobalSection(ProjectConfigurationPlatforms) = postSolution
		{15A8D565-171B-4473-B8B9-BC4CFD524E9E}.Debug|Any CPU.ActiveCfg = Debug|Any CPU
		{15A8D565-171B-4473-B8B9-BC4CFD524E9E}.Debug|Any CPU.Build.0 = Debug|Any CPU
		{15A8D565-171B-4473-B8B9-BC4CFD524E9E}.Release|Any CPU.ActiveCfg = Release|Any CPU
		{15A8D565-171B-4473-B8B9-BC4CFD524E9E}.Release|Any CPU.Build.0 = Release|Any CPU
		{1E899974-6BD8-4D0A-905C-8A182375C541}.Debug|Any CPU.ActiveCfg = Debug|Any CPU
		{1E899974-6BD8-4D0A-905C-8A182375C541}.Debug|Any CPU.Build.0 = Debug|Any CPU
		{1E899974-6BD8-4D0A-905C-8A182375C541}.Release|Any CPU.ActiveCfg = Release|Any CPU
		{1E899974-6BD8-4D0A-905C-8A182375C541}.Release|Any CPU.Build.0 = Release|Any CPU
	EndGlobalSection
	GlobalSection(SolutionProperties) = preSolution
		HideSolutionNode = FALSE
	EndGlobalSection
	GlobalSection(ExtensibilityGlobals) = postSolution
		SolutionGuid = {014A5CD0-B9CB-4A51-B8A3-2240E8DF7CE4}
	EndGlobalSection
EndGlobal
